
Microsoft Visual Studio Solution File, Format Version 12.00
# Visual Studio Version 16
VisualStudioVersion = 16.0.32407.337
MinimumVisualStudioVersion = 10.0.40219.1
Project("{9A19103F-16F7-4668-BE54-9A1E7A4F7556}") = "Usuarios", "Usuarios\Usuarios.csproj", "{FD703878-1DDA-4BAA-9EF0-DE1A74B4EEDD}"
EndProject
Global
	GlobalSection(SolutionConfigurationPlatforms) = preSolution
		Debug|Any CPU = Debug|Any CPU
		Release|Any CPU = Release|Any CPU
	EndGlobalSection
	GlobalSection(ProjectConfigurationPlatforms) = postSolution
		{FD703878-1DDA-4BAA-9EF0-DE1A74B4EEDD}.Debug|Any CPU.ActiveCfg = Debug|Any CPU
		{FD703878-1DDA-4BAA-9EF0-DE1A74B4EEDD}.Debug|Any CPU.Build.0 = Debug|Any CPU
		{FD703878-1DDA-4BAA-9EF0-DE1A74B4EEDD}.Release|Any CPU.ActiveCfg = Release|Any CPU
		{FD703878-1DDA-4BAA-9EF0-DE1A74B4EEDD}.Release|Any CPU.Build.0 = Release|Any CPU
	EndGlobalSection
	GlobalSection(SolutionProperties) = preSolution
		HideSolutionNode = FALSE
	EndGlobalSection
	GlobalSection(ExtensibilityGlobals) = postSolution
		SolutionGuid = {5F89DACB-4389-498C-BB5C-6C487D4F7E90}
	EndGlobalSection
EndGlobal
